{
  "nodes": {
    "nixpkgs": {
      "locked": {
        "lastModified": 1716619601,
        "narHash": "sha256-9dUxZf8MOqJH3vjbhrz7LH4qTcnRsPSBU1Q50T7q/X8=",
        "owner": "NixOS",
        "repo": "nixpkgs",
        "rev": "47e03a624662ce399e55c45a5f6da698fc72c797",
        "type": "github"
      },
      "original": {
        "owner": "NixOS",
        "ref": "nixpkgs-unstable",
        "repo": "nixpkgs",
        "type": "github"
      }
    },
    "nixpkgs-unfree": {
      "inputs": {
        "nixpkgs": [
          "nixpkgs"
        ]
      },
      "locked": {
        "lastModified": 1709054971,
        "narHash": "sha256-3IwfLOCKF/aGzjG79GCsj/ZxZF0hQYbitFyzekSYDwk=",
        "owner": "numtide",
        "repo": "nixpkgs-unfree",
        "rev": "1cfef288e8ddfb79fba9e11cc869ccf1bcfc01e6",
        "type": "github"
      },
      "original": {
        "owner": "numtide",
        "repo": "nixpkgs-unfree",
        "type": "github"
      }
    },
    "root": {
      "inputs": {
        "nixpkgs": "nixpkgs",
        "nixpkgs-unfree": "nixpkgs-unfree"
      }
    }
  },
  "root": "root",
  "version": 7
}
