{
  "nodes": {
    "nixpkgs": {
      "locked": {
        "lastModified": 1733330745,
        "narHash": "sha256-jy34Nf4Tn1ITZcYyMBn1/7jA8bCCIZDpiVahqlCXfww=",
        "owner": "NixOS",
        "repo": "nixpkgs",
        "rev": "2f9d395f057a50f8076f633c10519035fce8d773",
        "type": "github"
      },
      "original": {
        "owner": "NixOS",
        "ref": "nixpkgs-unstable",
        "repo": "nixpkgs",
        "type": "github"
      }
    },
    "nixpkgs-unfree": {
      "inputs": {
        "nixpkgs": [
          "nixpkgs"
        ]
      },
      "locked": {
        "lastModified": 1727984955,
        "narHash": "sha256-vP3XzXfQLaxy2QYipK5teKFzgWBeSkv9hByCvrMEL1c=",
        "owner": "numtide",
        "repo": "nixpkgs-unfree",
        "rev": "deab889228cedd7bca43e71ea4f61f9ea12c260e",
        "type": "github"
      },
      "original": {
        "owner": "numtide",
        "repo": "nixpkgs-unfree",
        "type": "github"
      }
    },
    "root": {
      "inputs": {
        "nixpkgs": "nixpkgs",
        "nixpkgs-unfree": "nixpkgs-unfree"
      }
    }
  },
  "root": "root",
  "version": 7
}
